// !$*UTF8*$!
{
	archiveVersion = 1;
	classes = {
	};
	objectVersion = 46;
	objects = {

/* Begin PBXBuildFile section */
		E9C76BBB1721456000D80EA3 /* Cocoa.framework in Frameworks */ = {isa = PBXBuildFile; fileRef = E9C76BBA1721456000D80EA3 /* Cocoa.framework */; };
		E9C76BC51721456000D80EA3 /* InfoPlist.strings in Resources */ = {isa = PBXBuildFile; fileRef = E9C76BC31721456000D80EA3 /* InfoPlist.strings */; };
		E9C76BC71721456000D80EA3 /* main.m in Sources */ = {isa = PBXBuildFile; fileRef = E9C76BC61721456000D80EA3 /* main.m */; };
		E9C76BCB1721456000D80EA3 /* Credits.rtf in Resources */ = {isa = PBXBuildFile; fileRef = E9C76BC91721456000D80EA3 /* Credits.rtf */; };
		E9C76BDD17214A8500D80EA3 /* MainMenu.xib in Resources */ = {isa = PBXBuildFile; fileRef = E9C76BDB17214A8500D80EA3 /* MainMenu.xib */; };
		E9C76BE417214ABE00D80EA3 /* NetClipClient.m in Sources */ = {isa = PBXBuildFile; fileRef = E9C76BDF17214ABE00D80EA3 /* NetClipClient.m */; };
		E9C76BE517214ABE00D80EA3 /* NetClipFileTransferClient.m in Sources */ = {isa = PBXBuildFile; fileRef = E9C76BE117214ABE00D80EA3 /* NetClipFileTransferClient.m */; };
		E9C76BE617214ABE00D80EA3 /* NetClipServer.m in Sources */ = {isa = PBXBuildFile; fileRef = E9C76BE317214ABE00D80EA3 /* NetClipServer.m */; };
		E9C76BED17214ACD00D80EA3 /* Preferences.m in Sources */ = {isa = PBXBuildFile; fileRef = E9C76BE817214ACD00D80EA3 /* Preferences.m */; };
		E9C76BEE17214ACD00D80EA3 /* Preferences.xib in Resources */ = {isa = PBXBuildFile; fileRef = E9C76BE917214ACD00D80EA3 /* Preferences.xib */; };
		E9C76BEF17214ACD00D80EA3 /* PreferencesController.m in Sources */ = {isa = PBXBuildFile; fileRef = E9C76BEB17214ACD00D80EA3 /* PreferencesController.m */; };
/* End PBXBuildFile section */

/* Begin PBXFileReference section */
		E9C76BB71721456000D80EA3 /* NetClip.app */ = {isa = PBXFileReference; explicitFileType = wrapper.application; includeInIndex = 0; path = NetClip.app; sourceTree = BUILT_PRODUCTS_DIR; };
		E9C76BBA1721456000D80EA3 /* Cocoa.framework */ = {isa = PBXFileReference; lastKnownFileType = wrapper.framework; name = Cocoa.framework; path = System/Library/Frameworks/Cocoa.framework; sourceTree = SDKROOT; };
		E9C76BBD1721456000D80EA3 /* AppKit.framework */ = {isa = PBXFileReference; lastKnownFileType = wrapper.framework; name = AppKit.framework; path = System/Library/Frameworks/AppKit.framework; sourceTree = SDKROOT; };
		E9C76BBE1721456000D80EA3 /* CoreData.framework */ = {isa = PBXFileReference; lastKnownFileType = wrapper.framework; name = CoreData.framework; path = System/Library/Frameworks/CoreData.framework; sourceTree = SDKROOT; };
		E9C76BBF1721456000D80EA3 /* Foundation.framework */ = {isa = PBXFileReference; lastKnownFileType = wrapper.framework; name = Foundation.framework; path = System/Library/Frameworks/Foundation.framework; sourceTree = SDKROOT; };
		E9C76BC21721456000D80EA3 /* NetClip-Info.plist */ = {isa = PBXFileReference; lastKnownFileType = text.plist.xml; path = "NetClip-Info.plist"; sourceTree = "<group>"; };
		E9C76BC41721456000D80EA3 /* en */ = {isa = PBXFileReference; lastKnownFileType = text.plist.strings; name = en; path = en.lproj/InfoPlist.strings; sourceTree = "<group>"; };
		E9C76BC61721456000D80EA3 /* main.m */ = {isa = PBXFileReference; lastKnownFileType = sourcecode.c.objc; path = main.m; sourceTree = "<group>"; };
		E9C76BC81721456000D80EA3 /* NetClip-Prefix.pch */ = {isa = PBXFileReference; lastKnownFileType = sourcecode.c.h; path = "NetClip-Prefix.pch"; sourceTree = "<group>"; };
		E9C76BCA1721456000D80EA3 /* en */ = {isa = PBXFileReference; lastKnownFileType = text.rtf; name = en; path = en.lproj/Credits.rtf; sourceTree = "<group>"; };
		E9C76BD71721472600D80EA3 /* AppDelegate.h */ = {isa = PBXFileReference; lastKnownFileType = sourcecode.c.h; path = AppDelegate.h; sourceTree = "<group>"; };
		E9C76BD81721472600D80EA3 /* AppDelegate.m */ = {isa = PBXFileReference; lastKnownFileType = sourcecode.c.objc; path = AppDelegate.m; sourceTree = "<group>"; };
		E9C76BDC17214A8500D80EA3 /* en */ = {isa = PBXFileReference; lastKnownFileType = file.xib; name = en; path = en.lproj/MainMenu.xib; sourceTree = "<group>"; };
		E9C76BDE17214ABE00D80EA3 /* NetClipClient.h */ = {isa = PBXFileReference; fileEncoding = 4; lastKnownFileType = sourcecode.c.h; path = NetClipClient.h; sourceTree = "<group>"; };
		E9C76BDF17214ABE00D80EA3 /* NetClipClient.m */ = {isa = PBXFileReference; fileEncoding = 4; lastKnownFileType = sourcecode.c.objc; path = NetClipClient.m; sourceTree = "<group>"; };
		E9C76BE017214ABE00D80EA3 /* NetClipFileTransferClient.h */ = {isa = PBXFileReference; fileEncoding = 4; lastKnownFileType = sourcecode.c.h; path = NetClipFileTransferClient.h; sourceTree = "<group>"; };
		E9C76BE117214ABE00D80EA3 /* NetClipFileTransferClient.m */ = {isa = PBXFileReference; fileEncoding = 4; lastKnownFileType = sourcecode.c.objc; path = NetClipFileTransferClient.m; sourceTree = "<group>"; };
		E9C76BE217214ABE00D80EA3 /* NetClipServer.h */ = {isa = PBXFileReference; fileEncoding = 4; lastKnownFileType = sourcecode.c.h; path = NetClipServer.h; sourceTree = "<group>"; };
		E9C76BE317214ABE00D80EA3 /* NetClipServer.m */ = {isa = PBXFileReference; fileEncoding = 4; lastKnownFileType = sourcecode.c.objc; path = NetClipServer.m; sourceTree = "<group>"; };
		E9C76BE717214ACD00D80EA3 /* Preferences.h */ = {isa = PBXFileReference; fileEncoding = 4; lastKnownFileType = sourcecode.c.h; path = Preferences.h; sourceTree = "<group>"; };
		E9C76BE817214ACD00D80EA3 /* Preferences.m */ = {isa = PBXFileReference; fileEncoding = 4; lastKnownFileType = sourcecode.c.objc; path = Preferences.m; sourceTree = "<group>"; };
		E9C76BE917214ACD00D80EA3 /* Preferences.xib */ = {isa = PBXFileReference; fileEncoding = 4; lastKnownFileType = file.xib; path = Preferences.xib; sourceTree = "<group>"; };
		E9C76BEA17214ACD00D80EA3 /* PreferencesController.h */ = {isa = PBXFileReference; fileEncoding = 4; lastKnownFileType = sourcecode.c.h; path = PreferencesController.h; sourceTree = "<group>"; };
		E9C76BEB17214ACD00D80EA3 /* PreferencesController.m */ = {isa = PBXFileReference; fileEncoding = 4; lastKnownFileType = sourcecode.c.objc; path = PreferencesController.m; sourceTree = "<group>"; };
		E9C76BEC17214ACD00D80EA3 /* Structs.h */ = {isa = PBXFileReference; fileEncoding = 4; lastKnownFileType = sourcecode.c.h; path = Structs.h; sourceTree = "<group>"; };
/* End PBXFileReference section */

/* Begin PBXFrameworksBuildPhase section */
		E9C76BB41721456000D80EA3 /* Frameworks */ = {
			isa = PBXFrameworksBuildPhase;
			buildActionMask = 2147483647;
			files = (
				E9C76BBB1721456000D80EA3 /* Cocoa.framework in Frameworks */,
			);
			runOnlyForDeploymentPostprocessing = 0;
		};
/* End PBXFrameworksBuildPhase section */

/* Begin PBXGroup section */
		E9C76BAE1721456000D80EA3 = {
			isa = PBXGroup;
			children = (
				E9C76BC01721456000D80EA3 /* NetClip */,
				E9C76BB91721456000D80EA3 /* Frameworks */,
				E9C76BB81721456000D80EA3 /* Products */,
			);
			sourceTree = "<group>";
		};
		E9C76BB81721456000D80EA3 /* Products */ = {
			isa = PBXGroup;
			children = (
				E9C76BB71721456000D80EA3 /* NetClip.app */,
			);
			name = Products;
			sourceTree = "<group>";
		};
		E9C76BB91721456000D80EA3 /* Frameworks */ = {
			isa = PBXGroup;
			children = (
				E9C76BBA1721456000D80EA3 /* Cocoa.framework */,
				E9C76BBC1721456000D80EA3 /* Other Frameworks */,
			);
			name = Frameworks;
			sourceTree = "<group>";
		};
		E9C76BBC1721456000D80EA3 /* Other Frameworks */ = {
			isa = PBXGroup;
			children = (
				E9C76BBD1721456000D80EA3 /* AppKit.framework */,
				E9C76BBE1721456000D80EA3 /* CoreData.framework */,
				E9C76BBF1721456000D80EA3 /* Foundation.framework */,
			);
			name = "Other Frameworks";
			sourceTree = "<group>";
		};
		E9C76BC01721456000D80EA3 /* NetClip */ = {
			isa = PBXGroup;
			children = (
				E9C76BF017214AD400D80EA3 /* C */,
				E9C76BF217214AF600D80EA3 /* Network Code */,
				E9C76BF117214AE000D80EA3 /* Model */,
				E9C76BD71721472600D80EA3 /* AppDelegate.h */,
				E9C76BD81721472600D80EA3 /* AppDelegate.m */,
				E9C76BEA17214ACD00D80EA3 /* PreferencesController.h */,
				E9C76BEB17214ACD00D80EA3 /* PreferencesController.m */,
				E9C76BDB17214A8500D80EA3 /* MainMenu.xib */,
				E9C76BE917214ACD00D80EA3 /* Preferences.xib */,
				E9C76BC11721456000D80EA3 /* Supporting Files */,
			);
			path = NetClip;
			sourceTree = "<group>";
		};
		E9C76BC11721456000D80EA3 /* Supporting Files */ = {
			isa = PBXGroup;
			children = (
				E9C76BC21721456000D80EA3 /* NetClip-Info.plist */,
				E9C76BC31721456000D80EA3 /* InfoPlist.strings */,
				E9C76BC61721456000D80EA3 /* main.m */,
				E9C76BC81721456000D80EA3 /* NetClip-Prefix.pch */,
				E9C76BC91721456000D80EA3 /* Credits.rtf */,
			);
			name = "Supporting Files";
			sourceTree = "<group>";
		};
		E9C76BF017214AD400D80EA3 /* C */ = {
			isa = PBXGroup;
			children = (
				E9C76BEC17214ACD00D80EA3 /* Structs.h */,
			);
			name = C;
			sourceTree = "<group>";
		};
		E9C76BF117214AE000D80EA3 /* Model */ = {
			isa = PBXGroup;
			children = (
				E9C76BE717214ACD00D80EA3 /* Preferences.h */,
				E9C76BE817214ACD00D80EA3 /* Preferences.m */,
			);
			name = Model;
			sourceTree = "<group>";
		};
		E9C76BF217214AF600D80EA3 /* Network Code */ = {
			isa = PBXGroup;
			children = (
				E9C76BE217214ABE00D80EA3 /* NetClipServer.h */,
				E9C76BE317214ABE00D80EA3 /* NetClipServer.m */,
				E9C76BDE17214ABE00D80EA3 /* NetClipClient.h */,
				E9C76BDF17214ABE00D80EA3 /* NetClipClient.m */,
				E9C76BE017214ABE00D80EA3 /* NetClipFileTransferClient.h */,
				E9C76BE117214ABE00D80EA3 /* NetClipFileTransferClient.m */,
			);
			name = "Network Code";
			sourceTree = "<group>";
		};
/* End PBXGroup section */

/* Begin PBXNativeTarget section */
		E9C76BB61721456000D80EA3 /* NetClip */ = {
			isa = PBXNativeTarget;
			buildConfigurationList = E9C76BD41721456100D80EA3 /* Build configuration list for PBXNativeTarget "NetClip" */;
			buildPhases = (
				E9C76BB31721456000D80EA3 /* Sources */,
				E9C76BB41721456000D80EA3 /* Frameworks */,
				E9C76BB51721456000D80EA3 /* Resources */,
			);
			buildRules = (
			);
			dependencies = (
			);
			name = NetClip;
			productName = NetClip;
			productReference = E9C76BB71721456000D80EA3 /* NetClip.app */;
			productType = "com.apple.product-type.application";
		};
/* End PBXNativeTarget section */

/* Begin PBXProject section */
		E9C76BAF1721456000D80EA3 /* Project object */ = {
			isa = PBXProject;
			attributes = {
				LastUpgradeCheck = 0460;
				ORGANIZATIONNAME = "Lammel & Partner GbR";
			};
			buildConfigurationList = E9C76BB21721456000D80EA3 /* Build configuration list for PBXProject "NetClip" */;
			compatibilityVersion = "Xcode 3.2";
			developmentRegion = English;
			hasScannedForEncodings = 0;
			knownRegions = (
				en,
			);
			mainGroup = E9C76BAE1721456000D80EA3;
			productRefGroup = E9C76BB81721456000D80EA3 /* Products */;
			projectDirPath = "";
			projectRoot = "";
			targets = (
				E9C76BB61721456000D80EA3 /* NetClip */,
			);
		};
/* End PBXProject section */

/* Begin PBXResourcesBuildPhase section */
		E9C76BB51721456000D80EA3 /* Resources */ = {
			isa = PBXResourcesBuildPhase;
			buildActionMask = 2147483647;
			files = (
				E9C76BC51721456000D80EA3 /* InfoPlist.strings in Resources */,
				E9C76BCB1721456000D80EA3 /* Credits.rtf in Resources */,
				E9C76BDD17214A8500D80EA3 /* MainMenu.xib in Resources */,
				E9C76BEE17214ACD00D80EA3 /* Preferences.xib in Resources */,
			);
			runOnlyForDeploymentPostprocessing = 0;
		};
/* End PBXResourcesBuildPhase section */

/* Begin PBXSourcesBuildPhase section */
		E9C76BB31721456000D80EA3 /* Sources */ = {
			isa = PBXSourcesBuildPhase;
			buildActionMask = 2147483647;
			files = (
				E9C76BC71721456000D80EA3 /* main.m in Sources */,
				E9C76BE417214ABE00D80EA3 /* NetClipClient.m in Sources */,
				E9C76BE517214ABE00D80EA3 /* NetClipFileTransferClient.m in Sources */,
				E9C76BE617214ABE00D80EA3 /* NetClipServer.m in Sources */,
				E9C76BED17214ACD00D80EA3 /* Preferences.m in Sources */,
				E9C76BEF17214ACD00D80EA3 /* PreferencesController.m in Sources */,
			);
			runOnlyForDeploymentPostprocessing = 0;
		};
/* End PBXSourcesBuildPhase section */

/* Begin PBXVariantGroup section */
		E9C76BC31721456000D80EA3 /* InfoPlist.strings */ = {
			isa = PBXVariantGroup;
			children = (
				E9C76BC41721456000D80EA3 /* en */,
			);
			name = InfoPlist.strings;
			sourceTree = "<group>";
		};
		E9C76BC91721456000D80EA3 /* Credits.rtf */ = {
			isa = PBXVariantGroup;
			children = (
				E9C76BCA1721456000D80EA3 /* en */,
			);
			name = Credits.rtf;
			sourceTree = "<group>";
		};
		E9C76BDB17214A8500D80EA3 /* MainMenu.xib */ = {
			isa = PBXVariantGroup;
			children = (
				E9C76BDC17214A8500D80EA3 /* en */,
			);
			name = MainMenu.xib;
			sourceTree = "<group>";
		};
/* End PBXVariantGroup section */

/* Begin XCBuildConfiguration section */
		E9C76BD21721456100D80EA3 /* Debug */ = {
			isa = XCBuildConfiguration;
			buildSettings = {
				ALWAYS_SEARCH_USER_PATHS = NO;
				ARCHS = "$(ARCHS_STANDARD_64_BIT)";
				CLANG_CXX_LANGUAGE_STANDARD = "gnu++0x";
				CLANG_CXX_LIBRARY = "libc++";
				CLANG_ENABLE_OBJC_ARC = YES;
				CLANG_WARN_CONSTANT_CONVERSION = YES;
				CLANG_WARN_EMPTY_BODY = YES;
				CLANG_WARN_ENUM_CONVERSION = YES;
				CLANG_WARN_INT_CONVERSION = YES;
				CLANG_WARN__DUPLICATE_METHOD_MATCH = YES;
				COPY_PHASE_STRIP = NO;
				GCC_C_LANGUAGE_STANDARD = gnu99;
				GCC_DYNAMIC_NO_PIC = NO;
				GCC_ENABLE_OBJC_EXCEPTIONS = YES;
				GCC_OPTIMIZATION_LEVEL = 0;
				GCC_PREPROCESSOR_DEFINITIONS = (
					"DEBUG=1",
					"$(inherited)",
				);
				GCC_SYMBOLS_PRIVATE_EXTERN = NO;
				GCC_WARN_64_TO_32_BIT_CONVERSION = YES;
				GCC_WARN_ABOUT_RETURN_TYPE = YES;
				GCC_WARN_UNINITIALIZED_AUTOS = YES;
				GCC_WARN_UNUSED_VARIABLE = YES;
				MACOSX_DEPLOYMENT_TARGET = 10.7;
				ONLY_ACTIVE_ARCH = YES;
				SDKROOT = macosx;
			};
			name = Debug;
		};
		E9C76BD31721456100D80EA3 /* Release */ = {
			isa = XCBuildConfiguration;
			buildSettings = {
				ALWAYS_SEARCH_USER_PATHS = NO;
				ARCHS = "$(ARCHS_STANDARD_64_BIT)";
				CLANG_CXX_LANGUAGE_STANDARD = "gnu++0x";
				CLANG_CXX_LIBRARY = "libc++";
				CLANG_ENABLE_OBJC_ARC = YES;
				CLANG_WARN_CONSTANT_CONVERSION = YES;
				CLANG_WARN_EMPTY_BODY = YES;
				CLANG_WARN_ENUM_CONVERSION = YES;
				CLANG_WARN_INT_CONVERSION = YES;
				CLANG_WARN__DUPLICATE_METHOD_MATCH = YES;
				COPY_PHASE_STRIP = YES;
				DEBUG_INFORMATION_FORMAT = "dwarf-with-dsym";
				GCC_C_LANGUAGE_STANDARD = gnu99;
				GCC_ENABLE_OBJC_EXCEPTIONS = YES;
				GCC_WARN_64_TO_32_BIT_CONVERSION = YES;
				GCC_WARN_ABOUT_RETURN_TYPE = YES;
				GCC_WARN_UNINITIALIZED_AUTOS = YES;
				GCC_WARN_UNUSED_VARIABLE = YES;
				MACOSX_DEPLOYMENT_TARGET = 10.7;
				SDKROOT = macosx;
			};
			name = Release;
		};
		E9C76BD51721456100D80EA3 /* Debug */ = {
			isa = XCBuildConfiguration;
			buildSettings = {
				COMBINE_HIDPI_IMAGES = YES;
				GCC_PRECOMPILE_PREFIX_HEADER = YES;
				GCC_PREFIX_HEADER = "NetClip/NetClip-Prefix.pch";
				INFOPLIST_FILE = "NetClip/NetClip-Info.plist";
				PRODUCT_NAME = "$(TARGET_NAME)";
				WRAPPER_EXTENSION = app;
			};
			name = Debug;
		};
		E9C76BD61721456100D80EA3 /* Release */ = {
			isa = XCBuildConfiguration;
			buildSettings = {
				COMBINE_HIDPI_IMAGES = YES;
				GCC_PRECOMPILE_PREFIX_HEADER = YES;
				GCC_PREFIX_HEADER = "NetClip/NetClip-Prefix.pch";
				INFOPLIST_FILE = "NetClip/NetClip-Info.plist";
				PRODUCT_NAME = "$(TARGET_NAME)";
				WRAPPER_EXTENSION = app;
			};
			name = Release;
		};
/* End XCBuildConfiguration section */

/* Begin XCConfigurationList section */
		E9C76BB21721456000D80EA3 /* Build configuration list for PBXProject "NetClip" */ = {
			isa = XCConfigurationList;
			buildConfigurations = (
				E9C76BD21721456100D80EA3 /* Debug */,
				E9C76BD31721456100D80EA3 /* Release */,
			);
			defaultConfigurationIsVisible = 0;
			defaultConfigurationName = Release;
		};
		E9C76BD41721456100D80EA3 /* Build configuration list for PBXNativeTarget "NetClip" */ = {
			isa = XCConfigurationList;
			buildConfigurations = (
				E9C76BD51721456100D80EA3 /* Debug */,
				E9C76BD61721456100D80EA3 /* Release */,
			);
			defaultConfigurationIsVisible = 0;
		};
/* End XCConfigurationList section */
	};
	rootObject = E9C76BAF1721456000D80EA3 /* Project object */;
}
